// !$*UTF8*$!
{
	archiveVersion = 1;
	classes = {
	};
	objectVersion = 77;
	objects = {

/* Begin PBXContainerItemProxy section */
		358734DD2D2CCDCB0070221E /* PBXContainerItemProxy */ = {
			isa = PBXContainerItemProxy;
			containerPortal = 358734C42D2CCDC90070221E /* Project object */;
			proxyType = 1;
			remoteGlobalIDString = 358734CB2D2CCDC90070221E;
			remoteInfo = plannr;
		};
		358734E72D2CCDCB0070221E /* PBXContainerItemProxy */ = {
			isa = PBXContainerItemProxy;
			containerPortal = 358734C42D2CCDC90070221E /* Project object */;
			proxyType = 1;
			remoteGlobalIDString = 358734CB2D2CCDC90070221E;
			remoteInfo = plannr;
		};
/* End PBXContainerItemProxy section */

/* Begin PBXFileReference section */
		358734CC2D2CCDC90070221E /* plannr.app */ = {isa = PBXFileReference; explicitFileType = wrapper.application; includeInIndex = 0; path = plannr.app; sourceTree = BUILT_PRODUCTS_DIR; };
		358734DC2D2CCDCB0070221E /* plannrTests.xctest */ = {isa = PBXFileReference; explicitFileType = wrapper.cfbundle; includeInIndex = 0; path = plannrTests.xctest; sourceTree = BUILT_PRODUCTS_DIR; };
		358734E62D2CCDCB0070221E /* plannrUITests.xctest */ = {isa = PBXFileReference; explicitFileType = wrapper.cfbundle; includeInIndex = 0; path = plannrUITests.xctest; sourceTree = BUILT_PRODUCTS_DIR; };
/* End PBXFileReference section */

/* Begin PBXFileSystemSynchronizedRootGroup section */
		358734CE2D2CCDC90070221E /* plannr */ = {
			isa = PBXFileSystemSynchronizedRootGroup;
			path = plannr;
			sourceTree = "<group>";
		};
		358734DF2D2CCDCB0070221E /* plannrTests */ = {
			isa = PBXFileSystemSynchronizedRootGroup;
			path = plannrTests;
			sourceTree = "<group>";
		};
		358734E92D2CCDCB0070221E /* plannrUITests */ = {
			isa = PBXFileSystemSynchronizedRootGroup;
			path = plannrUITests;
			sourceTree = "<group>";
		};
/* End PBXFileSystemSynchronizedRootGroup section */

/* Begin PBXFrameworksBuildPhase section */
		358734C92D2CCDC90070221E /* Frameworks */ = {
			isa = PBXFrameworksBuildPhase;
			buildActionMask = 2147483647;
			files = (
			);
			runOnlyForDeploymentPostprocessing = 0;
		};
		358734D92D2CCDCB0070221E /* Frameworks */ = {
			isa = PBXFrameworksBuildPhase;
			buildActionMask = 2147483647;
			files = (
			);
			runOnlyForDeploymentPostprocessing = 0;
		};
		358734E32D2CCDCB0070221E /* Frameworks */ = {
			isa = PBXFrameworksBuildPhase;
			buildActionMask = 2147483647;
			files = (
			);
			runOnlyForDeploymentPostprocessing = 0;
		};
/* End PBXFrameworksBuildPhase section */

/* Begin PBXGroup section */
		358734C32D2CCDC90070221E = {
			isa = PBXGroup;
			children = (
				358734CE2D2CCDC90070221E /* plannr */,
				358734DF2D2CCDCB0070221E /* plannrTests */,
				358734E92D2CCDCB0070221E /* plannrUITests */,
				358734CD2D2CCDC90070221E /* Products */,
			);
			sourceTree = "<group>";
		};
		358734CD2D2CCDC90070221E /* Products */ = {
			isa = PBXGroup;
			children = (
				358734CC2D2CCDC90070221E /* plannr.app */,
				358734DC2D2CCDCB0070221E /* plannrTests.xctest */,
				358734E62D2CCDCB0070221E /* plannrUITests.xctest */,
			);
			name = Products;
			sourceTree = "<group>";
		};
/* End PBXGroup section */

/* Begin PBXNativeTarget section */
		358734CB2D2CCDC90070221E /* plannr */ = {
			isa = PBXNativeTarget;
			buildConfigurationList = 358734F02D2CCDCB0070221E /* Build configuration list for PBXNativeTarget "plannr" */;
			buildPhases = (
				358734C82D2CCDC90070221E /* Sources */,
				358734C92D2CCDC90070221E /* Frameworks */,
				358734CA2D2CCDC90070221E /* Resources */,
			);
			buildRules = (
			);
			dependencies = (
			);
			fileSystemSynchronizedGroups = (
				358734CE2D2CCDC90070221E /* plannr */,
			);
			name = plannr;
			packageProductDependencies = (
			);
			productName = plannr;
			productReference = 358734CC2D2CCDC90070221E /* plannr.app */;
			productType = "com.apple.product-type.application";
		};
		358734DB2D2CCDCB0070221E /* plannrTests */ = {
			isa = PBXNativeTarget;
			buildConfigurationList = 358734F32D2CCDCB0070221E /* Build configuration list for PBXNativeTarget "plannrTests" */;
			buildPhases = (
				358734D82D2CCDCB0070221E /* Sources */,
				358734D92D2CCDCB0070221E /* Frameworks */,
				358734DA2D2CCDCB0070221E /* Resources */,
			);
			buildRules = (
			);
			dependencies = (
				358734DE2D2CCDCB0070221E /* PBXTargetDependency */,
			);
			fileSystemSynchronizedGroups = (
				358734DF2D2CCDCB0070221E /* plannrTests */,
			);
			name = plannrTests;
			packageProductDependencies = (
			);
			productName = plannrTests;
			productReference = 358734DC2D2CCDCB0070221E /* plannrTests.xctest */;
			productType = "com.apple.product-type.bundle.unit-test";
		};
		358734E52D2CCDCB0070221E /* plannrUITests */ = {
			isa = PBXNativeTarget;
			buildConfigurationList = 358734F62D2CCDCB0070221E /* Build configuration list for PBXNativeTarget "plannrUITests" */;
			buildPhases = (
				358734E22D2CCDCB0070221E /* Sources */,
				358734E32D2CCDCB0070221E /* Frameworks */,
				358734E42D2CCDCB0070221E /* Resources */,
			);
			buildRules = (
			);
			dependencies = (
				358734E82D2CCDCB0070221E /* PBXTargetDependency */,
			);
			fileSystemSynchronizedGroups = (
				358734E92D2CCDCB0070221E /* plannrUITests */,
			);
			name = plannrUITests;
			packageProductDependencies = (
			);
			productName = plannrUITests;
			productReference = 358734E62D2CCDCB0070221E /* plannrUITests.xctest */;
			productType = "com.apple.product-type.bundle.ui-testing";
		};
/* End PBXNativeTarget section */

/* Begin PBXProject section */
		358734C42D2CCDC90070221E /* Project object */ = {
			isa = PBXProject;
			attributes = {
				BuildIndependentTargetsInParallel = 1;
				LastSwiftUpdateCheck = 1610;
				LastUpgradeCheck = 1610;
				TargetAttributes = {
					358734CB2D2CCDC90070221E = {
						CreatedOnToolsVersion = 16.1;
					};
					358734DB2D2CCDCB0070221E = {
						CreatedOnToolsVersion = 16.1;
						TestTargetID = 358734CB2D2CCDC90070221E;
					};
					358734E52D2CCDCB0070221E = {
						CreatedOnToolsVersion = 16.1;
						TestTargetID = 358734CB2D2CCDC90070221E;
					};
				};
			};
			buildConfigurationList = 358734C72D2CCDC90070221E /* Build configuration list for PBXProject "plannr" */;
			developmentRegion = en;
			hasScannedForEncodings = 0;
			knownRegions = (
				en,
				Base,
			);
			mainGroup = 358734C32D2CCDC90070221E;
			minimizedProjectReferenceProxies = 1;
			preferredProjectObjectVersion = 77;
			productRefGroup = 358734CD2D2CCDC90070221E /* Products */;
			projectDirPath = "";
			projectRoot = "";
			targets = (
				358734CB2D2CCDC90070221E /* plannr */,
				358734DB2D2CCDCB0070221E /* plannrTests */,
				358734E52D2CCDCB0070221E /* plannrUITests */,
			);
		};
/* End PBXProject section */

/* Begin PBXResourcesBuildPhase section */
		358734CA2D2CCDC90070221E /* Resources */ = {
			isa = PBXResourcesBuildPhase;
			buildActionMask = 2147483647;
			files = (
			);
			runOnlyForDeploymentPostprocessing = 0;
		};
		358734DA2D2CCDCB0070221E /* Resources */ = {
			isa = PBXResourcesBuildPhase;
			buildActionMask = 2147483647;
			files = (
			);
			runOnlyForDeploymentPostprocessing = 0;
		};
		358734E42D2CCDCB0070221E /* Resources */ = {
			isa = PBXResourcesBuildPhase;
			buildActionMask = 2147483647;
			files = (
			);
			runOnlyForDeploymentPostprocessing = 0;
		};
/* End PBXResourcesBuildPhase section */

/* Begin PBXSourcesBuildPhase section */
		358734C82D2CCDC90070221E /* Sources */ = {
			isa = PBXSourcesBuildPhase;
			buildActionMask = 2147483647;
			files = (
			);
			runOnlyForDeploymentPostprocessing = 0;
		};
		358734D82D2CCDCB0070221E /* Sources */ = {
			isa = PBXSourcesBuildPhase;
			buildActionMask = 2147483647;
			files = (
			);
			runOnlyForDeploymentPostprocessing = 0;
		};
		358734E22D2CCDCB0070221E /* Sources */ = {
			isa = PBXSourcesBuildPhase;
			buildActionMask = 2147483647;
			files = (
			);
			runOnlyForDeploymentPostprocessing = 0;
		};
/* End PBXSourcesBuildPhase section */

/* Begin PBXTargetDependency section */
		358734DE2D2CCDCB0070221E /* PBXTargetDependency */ = {
			isa = PBXTargetDependency;
			target = 358734CB2D2CCDC90070221E /* plannr */;
			targetProxy = 358734DD2D2CCDCB0070221E /* PBXContainerItemProxy */;
		};
		358734E82D2CCDCB0070221E /* PBXTargetDependency */ = {
			isa = PBXTargetDependency;
			target = 358734CB2D2CCDC90070221E /* plannr */;
			targetProxy = 358734E72D2CCDCB0070221E /* PBXContainerItemProxy */;
		};
/* End PBXTargetDependency section */

/* Begin XCBuildConfiguration section */
		358734EE2D2CCDCB0070221E /* Debug */ = {
			isa = XCBuildConfiguration;
			buildSettings = {
				ALWAYS_SEARCH_USER_PATHS = NO;
				ASSETCATALOG_COMPILER_GENERATE_SWIFT_ASSET_SYMBOL_EXTENSIONS = YES;
				CLANG_ANALYZER_NONNULL = YES;
				CLANG_ANALYZER_NUMBER_OBJECT_CONVERSION = YES_AGGRESSIVE;
				CLANG_CXX_LANGUAGE_STANDARD = "gnu++20";
				CLANG_ENABLE_MODULES = YES;
				CLANG_ENABLE_OBJC_ARC = YES;
				CLANG_ENABLE_OBJC_WEAK = YES;
				CLANG_WARN_BLOCK_CAPTURE_AUTORELEASING = YES;
				CLANG_WARN_BOOL_CONVERSION = YES;
				CLANG_WARN_COMMA = YES;
				CLANG_WARN_CONSTANT_CONVERSION = YES;
				CLANG_WARN_DEPRECATED_OBJC_IMPLEMENTATIONS = YES;
				CLANG_WARN_DIRECT_OBJC_ISA_USAGE = YES_ERROR;
				CLANG_WARN_DOCUMENTATION_COMMENTS = YES;
				CLANG_WARN_EMPTY_BODY = YES;
				CLANG_WARN_ENUM_CONVERSION = YES;
				CLANG_WARN_INFINITE_RECURSION = YES;
				CLANG_WARN_INT_CONVERSION = YES;
				CLANG_WARN_NON_LITERAL_NULL_CONVERSION = YES;
				CLANG_WARN_OBJC_IMPLICIT_RETAIN_SELF = YES;
				CLANG_WARN_OBJC_LITERAL_CONVERSION = YES;
				CLANG_WARN_OBJC_ROOT_CLASS = YES_ERROR;
				CLANG_WARN_QUOTED_INCLUDE_IN_FRAMEWORK_HEADER = YES;
				CLANG_WARN_RANGE_LOOP_ANALYSIS = YES;
				CLANG_WARN_STRICT_PROTOTYPES = YES;
				CLANG_WARN_SUSPICIOUS_MOVE = YES;
				CLANG_WARN_UNGUARDED_AVAILABILITY = YES_AGGRESSIVE;
				CLANG_WARN_UNREACHABLE_CODE = YES;
				CLANG_WARN__DUPLICATE_METHOD_MATCH = YES;
				COPY_PHASE_STRIP = NO;
				DEBUG_INFORMATION_FORMAT = dwarf;
				ENABLE_STRICT_OBJC_MSGSEND = YES;
				ENABLE_TESTABILITY = YES;
				ENABLE_USER_SCRIPT_SANDBOXING = YES;
				GCC_C_LANGUAGE_STANDARD = gnu17;
				GCC_DYNAMIC_NO_PIC = NO;
				GCC_NO_COMMON_BLOCKS = YES;
				GCC_OPTIMIZATION_LEVEL = 0;
				GCC_PREPROCESSOR_DEFINITIONS = (
					"DEBUG=1",
					"$(inherited)",
				);
				GCC_WARN_64_TO_32_BIT_CONVERSION = YES;
				GCC_WARN_ABOUT_RETURN_TYPE = YES_ERROR;
				GCC_WARN_UNDECLARED_SELECTOR = YES;
				GCC_WARN_UNINITIALIZED_AUTOS = YES_AGGRESSIVE;
				GCC_WARN_UNUSED_FUNCTION = YES;
				GCC_WARN_UNUSED_VARIABLE = YES;
				IPHONEOS_DEPLOYMENT_TARGET = 18.1;
				LOCALIZATION_PREFERS_STRING_CATALOGS = YES;
				MTL_ENABLE_DEBUG_INFO = INCLUDE_SOURCE;
				MTL_FAST_MATH = YES;
				ONLY_ACTIVE_ARCH = YES;
				SDKROOT = iphoneos;
				SWIFT_ACTIVE_COMPILATION_CONDITIONS = "DEBUG $(inherited)";
				SWIFT_OPTIMIZATION_LEVEL = "-Onone";
			};
			name = Debug;
		};
		358734EF2D2CCDCB0070221E /* Release */ = {
			isa = XCBuildConfiguration;
			buildSettings = {
				ALWAYS_SEARCH_USER_PATHS = NO;
				ASSETCATALOG_COMPILER_GENERATE_SWIFT_ASSET_SYMBOL_EXTENSIONS = YES;
				CLANG_ANALYZER_NONNULL = YES;
				CLANG_ANALYZER_NUMBER_OBJECT_CONVERSION = YES_AGGRESSIVE;
				CLANG_CXX_LANGUAGE_STANDARD = "gnu++20";
				CLANG_ENABLE_MODULES = YES;
				CLANG_ENABLE_OBJC_ARC = YES;
				CLANG_ENABLE_OBJC_WEAK = YES;
				CLANG_WARN_BLOCK_CAPTURE_AUTORELEASING = YES;
				CLANG_WARN_BOOL_CONVERSION = YES;
				CLANG_WARN_COMMA = YES;
				CLANG_WARN_CONSTANT_CONVERSION = YES;
				CLANG_WARN_DEPRECATED_OBJC_IMPLEMENTATIONS = YES;
				CLANG_WARN_DIRECT_OBJC_ISA_USAGE = YES_ERROR;
				CLANG_WARN_DOCUMENTATION_COMMENTS = YES;
				CLANG_WARN_EMPTY_BODY = YES;
				CLANG_WARN_ENUM_CONVERSION = YES;
				CLANG_WARN_INFINITE_RECURSION = YES;
				CLANG_WARN_INT_CONVERSION = YES;
				CLANG_WARN_NON_LITERAL_NULL_CONVERSION = YES;
				CLANG_WARN_OBJC_IMPLICIT_RETAIN_SELF = YES;
				CLANG_WARN_OBJC_LITERAL_CONVERSION = YES;
				CLANG_WARN_OBJC_ROOT_CLASS = YES_ERROR;
				CLANG_WARN_QUOTED_INCLUDE_IN_FRAMEWORK_HEADER = YES;
				CLANG_WARN_RANGE_LOOP_ANALYSIS = YES;
				CLANG_WARN_STRICT_PROTOTYPES = YES;
				CLANG_WARN_SUSPICIOUS_MOVE = YES;
				CLANG_WARN_UNGUARDED_AVAILABILITY = YES_AGGRESSIVE;
				CLANG_WARN_UNREACHABLE_CODE = YES;
				CLANG_WARN__DUPLICATE_METHOD_MATCH = YES;
				COPY_PHASE_STRIP = NO;
				DEBUG_INFORMATION_FORMAT = "dwarf-with-dsym";
				ENABLE_NS_ASSERTIONS = NO;
				ENABLE_STRICT_OBJC_MSGSEND = YES;
				ENABLE_USER_SCRIPT_SANDBOXING = YES;
				GCC_C_LANGUAGE_STANDARD = gnu17;
				GCC_NO_COMMON_BLOCKS = YES;
				GCC_WARN_64_TO_32_BIT_CONVERSION = YES;
				GCC_WARN_ABOUT_RETURN_TYPE = YES_ERROR;
				GCC_WARN_UNDECLARED_SELECTOR = YES;
				GCC_WARN_UNINITIALIZED_AUTOS = YES_AGGRESSIVE;
				GCC_WARN_UNUSED_FUNCTION = YES;
				GCC_WARN_UNUSED_VARIABLE = YES;
				IPHONEOS_DEPLOYMENT_TARGET = 18.1;
				LOCALIZATION_PREFERS_STRING_CATALOGS = YES;
				MTL_ENABLE_DEBUG_INFO = NO;
				MTL_FAST_MATH = YES;
				SDKROOT = iphoneos;
				SWIFT_COMPILATION_MODE = wholemodule;
				VALIDATE_PRODUCT = YES;
			};
			name = Release;
		};
		358734F12D2CCDCB0070221E /* Debug */ = {
			isa = XCBuildConfiguration;
			buildSettings = {
				ASSETCATALOG_COMPILER_APPICON_NAME = AppIcon;
				ASSETCATALOG_COMPILER_GLOBAL_ACCENT_COLOR_NAME = AccentColor;
				CODE_SIGN_STYLE = Automatic;
				CURRENT_PROJECT_VERSION = 1;
				DEVELOPMENT_ASSET_PATHS = "\"plannr/Preview Content\"";
				ENABLE_PREVIEWS = YES;
				GENERATE_INFOPLIST_FILE = YES;
				INFOPLIST_KEY_UIApplicationSceneManifest_Generation = YES;
				INFOPLIST_KEY_UIApplicationSupportsIndirectInputEvents = YES;
				INFOPLIST_KEY_UILaunchScreen_Generation = YES;
				INFOPLIST_KEY_UISupportedInterfaceOrientations_iPad = "UIInterfaceOrientationPortrait UIInterfaceOrientationPortraitUpsideDown UIInterfaceOrientationLandscapeLeft UIInterfaceOrientationLandscapeRight";
				INFOPLIST_KEY_UISupportedInterfaceOrientations_iPhone = "UIInterfaceOrientationPortrait UIInterfaceOrientationLandscapeLeft UIInterfaceOrientationLandscapeRight";
				LD_RUNPATH_SEARCH_PATHS = (
					"$(inherited)",
					"@executable_path/Frameworks",
				);
				MARKETING_VERSION = 1.0;
				PRODUCT_BUNDLE_IDENTIFIER = htcorp.plannr;
				PRODUCT_NAME = "$(TARGET_NAME)";
				SWIFT_EMIT_LOC_STRINGS = YES;
				SWIFT_VERSION = 5.0;
				TARGETED_DEVICE_FAMILY = "1,2";
			};
			name = Debug;
		};
		358734F22D2CCDCB0070221E /* Release */ = {
			isa = XCBuildConfiguration;
			buildSettings = {
				ASSETCATALOG_COMPILER_APPICON_NAME = AppIcon;
				ASSETCATALOG_COMPILER_GLOBAL_ACCENT_COLOR_NAME = AccentColor;
				CODE_SIGN_STYLE = Automatic;
				CURRENT_PROJECT_VERSION = 1;
				DEVELOPMENT_ASSET_PATHS = "\"plannr/Preview Content\"";
				ENABLE_PREVIEWS = YES;
				GENERATE_INFOPLIST_FILE = YES;
				INFOPLIST_KEY_UIApplicationSceneManifest_Generation = YES;
				INFOPLIST_KEY_UIApplicationSupportsIndirectInputEvents = YES;
				INFOPLIST_KEY_UILaunchScreen_Generation = YES;
				INFOPLIST_KEY_UISupportedInterfaceOrientations_iPad = "UIInterfaceOrientationPortrait UIInterfaceOrientationPortraitUpsideDown UIInterfaceOrientationLandscapeLeft UIInterfaceOrientationLandscapeRight";
				INFOPLIST_KEY_UISupportedInterfaceOrientations_iPhone = "UIInterfaceOrientationPortrait UIInterfaceOrientationLandscapeLeft UIInterfaceOrientationLandscapeRight";
				LD_RUNPATH_SEARCH_PATHS = (
					"$(inherited)",
					"@executable_path/Frameworks",
				);
				MARKETING_VERSION = 1.0;
				PRODUCT_BUNDLE_IDENTIFIER = htcorp.plannr;
				PRODUCT_NAME = "$(TARGET_NAME)";
				SWIFT_EMIT_LOC_STRINGS = YES;
				SWIFT_VERSION = 5.0;
				TARGETED_DEVICE_FAMILY = "1,2";
			};
			name = Release;
		};
		358734F42D2CCDCB0070221E /* Debug */ = {
			isa = XCBuildConfiguration;
			buildSettings = {
				BUNDLE_LOADER = "$(TEST_HOST)";
				CODE_SIGN_STYLE = Automatic;
				CURRENT_PROJECT_VERSION = 1;
				GENERATE_INFOPLIST_FILE = YES;
				IPHONEOS_DEPLOYMENT_TARGET = 18.1;
				MARKETING_VERSION = 1.0;
				PRODUCT_BUNDLE_IDENTIFIER = htcorp.plannrTests;
				PRODUCT_NAME = "$(TARGET_NAME)";
				SWIFT_EMIT_LOC_STRINGS = NO;
				SWIFT_VERSION = 5.0;
				TARGETED_DEVICE_FAMILY = "1,2";
				TEST_HOST = "$(BUILT_PRODUCTS_DIR)/plannr.app/$(BUNDLE_EXECUTABLE_FOLDER_PATH)/plannr";
			};
			name = Debug;
		};
		358734F52D2CCDCB0070221E /* Release */ = {
			isa = XCBuildConfiguration;
			buildSettings = {
				BUNDLE_LOADER = "$(TEST_HOST)";
				CODE_SIGN_STYLE = Automatic;
				CURRENT_PROJECT_VERSION = 1;
				GENERATE_INFOPLIST_FILE = YES;
				IPHONEOS_DEPLOYMENT_TARGET = 18.1;
				MARKETING_VERSION = 1.0;
				PRODUCT_BUNDLE_IDENTIFIER = htcorp.plannrTests;
				PRODUCT_NAME = "$(TARGET_NAME)";
				SWIFT_EMIT_LOC_STRINGS = NO;
				SWIFT_VERSION = 5.0;
				TARGETED_DEVICE_FAMILY = "1,2";
				TEST_HOST = "$(BUILT_PRODUCTS_DIR)/plannr.app/$(BUNDLE_EXECUTABLE_FOLDER_PATH)/plannr";
			};
			name = Release;
		};
		358734F72D2CCDCB0070221E /* Debug */ = {
			isa = XCBuildConfiguration;
			buildSettings = {
				CODE_SIGN_STYLE = Automatic;
				CURRENT_PROJECT_VERSION = 1;
				GENERATE_INFOPLIST_FILE = YES;
				MARKETING_VERSION = 1.0;
				PRODUCT_BUNDLE_IDENTIFIER = htcorp.plannrUITests;
				PRODUCT_NAME = "$(TARGET_NAME)";
				SWIFT_EMIT_LOC_STRINGS = NO;
				SWIFT_VERSION = 5.0;
				TARGETED_DEVICE_FAMILY = "1,2";
				TEST_TARGET_NAME = plannr;
			};
			name = Debug;
		};
		358734F82D2CCDCB0070221E /* Release */ = {
			isa = XCBuildConfiguration;
			buildSettings = {
				CODE_SIGN_STYLE = Automatic;
				CURRENT_PROJECT_VERSION = 1;
				GENERATE_INFOPLIST_FILE = YES;
				MARKETING_VERSION = 1.0;
				PRODUCT_BUNDLE_IDENTIFIER = htcorp.plannrUITests;
				PRODUCT_NAME = "$(TARGET_NAME)";
				SWIFT_EMIT_LOC_STRINGS = NO;
				SWIFT_VERSION = 5.0;
				TARGETED_DEVICE_FAMILY = "1,2";
				TEST_TARGET_NAME = plannr;
			};
			name = Release;
		};
/* End XCBuildConfiguration section */

/* Begin XCConfigurationList section */
		358734C72D2CCDC90070221E /* Build configuration list for PBXProject "plannr" */ = {
			isa = XCConfigurationList;
			buildConfigurations = (
				358734EE2D2CCDCB0070221E /* Debug */,
				358734EF2D2CCDCB0070221E /* Release */,
			);
			defaultConfigurationIsVisible = 0;
			defaultConfigurationName = Release;
		};
		358734F02D2CCDCB0070221E /* Build configuration list for PBXNativeTarget "plannr" */ = {
			isa = XCConfigurationList;
			buildConfigurations = (
				358734F12D2CCDCB0070221E /* Debug */,
				358734F22D2CCDCB0070221E /* Release */,
			);
			defaultConfigurationIsVisible = 0;
			defaultConfigurationName = Release;
		};
		358734F32D2CCDCB0070221E /* Build configuration list for PBXNativeTarget "plannrTests" */ = {
			isa = XCConfigurationList;
			buildConfigurations = (
				358734F42D2CCDCB0070221E /* Debug */,
				358734F52D2CCDCB0070221E /* Release */,
			);
			defaultConfigurationIsVisible = 0;
			defaultConfigurationName = Release;
		};
		358734F62D2CCDCB0070221E /* Build configuration list for PBXNativeTarget "plannrUITests" */ = {
			isa = XCConfigurationList;
			buildConfigurations = (
				358734F72D2CCDCB0070221E /* Debug */,
				358734F82D2CCDCB0070221E /* Release */,
			);
			defaultConfigurationIsVisible = 0;
			defaultConfigurationName = Release;
		};
/* End XCConfigurationList section */
	};
	rootObject = 358734C42D2CCDC90070221E /* Project object */;
}
